{
  "name": "wle-peerjs-networking",
  "version": "1.0.0",
  "lockfileVersion": 2,
  "requires": true,
  "packages": {
    "": {
      "name": "wle-peerjs-networking",
      "version": "1.0.0",
      "license": "MIT",
      "dependencies": {
        "peerjs": "^1.4.7"
      },
      "devDependencies": {
        "@types/node": "^18.15.11",
        "prettier": "^2.8.7",
        "typescript": "^5.0.4"
      },
      "peerDependencies": {
        "@wonderlandengine/api": "^1.0.0-rc.5 || ^1.0.0"
      }
    },
    "node_modules/@swc/helpers": {
      "version": "0.3.17",
      "resolved": "https://registry.npmjs.org/@swc/helpers/-/helpers-0.3.17.tgz",
      "integrity": "sha512-tb7Iu+oZ+zWJZ3HJqwx8oNwSDIU440hmVMDPhpACWQWnrZHK99Bxs70gT1L2dnr5Hg50ZRWEFkQCAnOVVV0z1Q==",
      "dependencies": {
        "tslib": "^2.4.0"
      }
    },
    "node_modules/@types/node": {
      "version": "18.15.11",
      "resolved": "https://registry.npmjs.org/@types/node/-/node-18.15.11.tgz",
      "integrity": "sha512-E5Kwq2n4SbMzQOn6wnmBjuK9ouqlURrcZDVfbo9ftDDTFt3nk7ZKK4GMOzoYgnpQJKcxwQw+lGaBvvlMo0qN/Q==",
      "dev": true
    },
    "node_modules/@types/webxr": {
      "version": "0.5.1",
      "resolved": "https://registry.npmjs.org/@types/webxr/-/webxr-0.5.1.tgz",
      "integrity": "sha512-xlFXPfgJR5vIuDefhaHuUM9uUgvPaXB6GKdXy2gdEh8gBWQZ2ul24AJz3foUd8NNKlSTQuWYJpCb1/pL81m1KQ==",
      "peer": true
    },
    "node_modules/@wonderlandengine/api": {
      "version": "1.0.0-rc.5",
      "resolved": "https://registry.npmjs.org/@wonderlandengine/api/-/api-1.0.0-rc.5.tgz",
      "integrity": "sha512-E5R4xgsPWnvoLydaS31HYejlX7UZFzqUeXVAYAdm0upTDYjFSmVOKfztGjgW6GgtBHeRmf6zMuMPK8yHJE63SQ==",
      "peer": true,
      "dependencies": {
        "@types/webxr": "^0.5.0",
        "wasm-feature-detect": "^1.3.0"
      }
    },
    "node_modules/eventemitter3": {
      "version": "4.0.7",
      "resolved": "https://registry.npmjs.org/eventemitter3/-/eventemitter3-4.0.7.tgz",
      "integrity": "sha512-8guHBZCwKnFhYdHr2ysuRWErTwhoN2X8XELRlrRwpmfeY2jjuUN4taQMsULKUVo1K4DvZl+0pgfyoysHxvmvEw=="
    },
    "node_modules/peerjs": {
      "version": "1.4.7",
      "resolved": "https://registry.npmjs.org/peerjs/-/peerjs-1.4.7.tgz",
      "integrity": "sha512-dWE2HIGvJO0Hm8lYHJiO/5OWl8xYtGcAuU08To1HMIfhh76ULzkCS3NIQO/PZm4noO1RhaGTkQaQ6sbAss6/Tg==",
      "dependencies": {
        "@swc/helpers": "^0.3.13",
        "eventemitter3": "^4.0.7",
        "peerjs-js-binarypack": "1.0.1",
        "webrtc-adapter": "^7.7.1"
      },
      "engines": {
        "node": ">= 10"
      },
      "funding": {
        "type": "opencollective",
        "url": "https://opencollective.com/peer"
      }
    },
    "node_modules/peerjs-js-binarypack": {
      "version": "1.0.1",
      "resolved": "https://registry.npmjs.org/peerjs-js-binarypack/-/peerjs-js-binarypack-1.0.1.tgz",
      "integrity": "sha512-N6aeia3NhdpV7kiGxJV5xQiZZCVEEVjRz2T2C6UZQiBkHWHzUv/oWA4myQLcwBwO8LUoR1KWW5oStvwVesmfCg=="
    },
    "node_modules/prettier": {
      "version": "2.8.7",
      "resolved": "https://registry.npmjs.org/prettier/-/prettier-2.8.7.tgz",
      "integrity": "sha512-yPngTo3aXUUmyuTjeTUT75txrf+aMh9FiD7q9ZE/i6r0bPb22g4FsE6Y338PQX1bmfy08i9QQCB7/rcUAVntfw==",
      "dev": true,
      "bin": {
        "prettier": "bin-prettier.js"
      },
      "engines": {
        "node": ">=10.13.0"
      },
      "funding": {
        "url": "https://github.com/prettier/prettier?sponsor=1"
      }
    },
    "node_modules/rtcpeerconnection-shim": {
      "version": "1.2.15",
      "resolved": "https://registry.npmjs.org/rtcpeerconnection-shim/-/rtcpeerconnection-shim-1.2.15.tgz",
      "integrity": "sha512-C6DxhXt7bssQ1nHb154lqeL0SXz5Dx4RczXZu2Aa/L1NJFnEVDxFwCBo3fqtuljhHIGceg5JKBV4XJ0gW5JKyw==",
      "dependencies": {
        "sdp": "^2.6.0"
      },
      "engines": {
        "node": ">=6.0.0",
        "npm": ">=3.10.0"
      }
    },
    "node_modules/sdp": {
      "version": "2.12.0",
      "resolved": "https://registry.npmjs.org/sdp/-/sdp-2.12.0.tgz",
      "integrity": "sha512-jhXqQAQVM+8Xj5EjJGVweuEzgtGWb3tmEEpl3CLP3cStInSbVHSg0QWOGQzNq8pSID4JkpeV2mPqlMDLrm0/Vw=="
    },
    "node_modules/tslib": {
      "version": "2.5.0",
      "resolved": "https://registry.npmjs.org/tslib/-/tslib-2.5.0.tgz",
      "integrity": "sha512-336iVw3rtn2BUK7ORdIAHTyxHGRIHVReokCR3XjbckJMK7ms8FysBfhLR8IXnAgy7T0PTPNBWKiH514FOW/WSg=="
    },
    "node_modules/typescript": {
      "version": "5.0.4",
      "resolved": "https://registry.npmjs.org/typescript/-/typescript-5.0.4.tgz",
      "integrity": "sha512-cW9T5W9xY37cc+jfEnaUvX91foxtHkza3Nw3wkoF4sSlKn0MONdkdEndig/qPBWXNkmplh3NzayQzCiHM4/hqw==",
      "dev": true,
      "bin": {
        "tsc": "bin/tsc",
        "tsserver": "bin/tsserver"
      },
      "engines": {
        "node": ">=12.20"
      }
    },
    "node_modules/wasm-feature-detect": {
      "version": "1.5.1",
      "resolved": "https://registry.npmjs.org/wasm-feature-detect/-/wasm-feature-detect-1.5.1.tgz",
      "integrity": "sha512-GHr23qmuehNXHY4902/hJ6EV5sUANIJC3R/yMfQ7hWDg3nfhlcJfnIL96R2ohpIwa62araN6aN4bLzzzq5GXkg==",
      "peer": true
    },
    "node_modules/webrtc-adapter": {
      "version": "7.7.1",
      "resolved": "https://registry.npmjs.org/webrtc-adapter/-/webrtc-adapter-7.7.1.tgz",
      "integrity": "sha512-TbrbBmiQBL9n0/5bvDdORc6ZfRY/Z7JnEj+EYOD1ghseZdpJ+nF2yx14k3LgQKc7JZnG7HAcL+zHnY25So9d7A==",
      "dependencies": {
        "rtcpeerconnection-shim": "^1.2.15",
        "sdp": "^2.12.0"
      },
      "engines": {
        "node": ">=6.0.0",
        "npm": ">=3.10.0"
      }
    }
  },
  "dependencies": {
    "@swc/helpers": {
      "version": "0.3.17",
      "resolved": "https://registry.npmjs.org/@swc/helpers/-/helpers-0.3.17.tgz",
      "integrity": "sha512-tb7Iu+oZ+zWJZ3HJqwx8oNwSDIU440hmVMDPhpACWQWnrZHK99Bxs70gT1L2dnr5Hg50ZRWEFkQCAnOVVV0z1Q==",
      "requires": {
        "tslib": "^2.4.0"
      }
    },
    "@types/node": {
      "version": "18.15.11",
      "resolved": "https://registry.npmjs.org/@types/node/-/node-18.15.11.tgz",
      "integrity": "sha512-E5Kwq2n4SbMzQOn6wnmBjuK9ouqlURrcZDVfbo9ftDDTFt3nk7ZKK4GMOzoYgnpQJKcxwQw+lGaBvvlMo0qN/Q==",
      "dev": true
    },
    "@types/webxr": {
      "version": "0.5.1",
      "resolved": "https://registry.npmjs.org/@types/webxr/-/webxr-0.5.1.tgz",
      "integrity": "sha512-xlFXPfgJR5vIuDefhaHuUM9uUgvPaXB6GKdXy2gdEh8gBWQZ2ul24AJz3foUd8NNKlSTQuWYJpCb1/pL81m1KQ==",
      "peer": true
    },
    "@wonderlandengine/api": {
      "version": "1.0.0-rc.5",
      "resolved": "https://registry.npmjs.org/@wonderlandengine/api/-/api-1.0.0-rc.5.tgz",
      "integrity": "sha512-E5R4xgsPWnvoLydaS31HYejlX7UZFzqUeXVAYAdm0upTDYjFSmVOKfztGjgW6GgtBHeRmf6zMuMPK8yHJE63SQ==",
      "peer": true,
      "requires": {
        "@types/webxr": "^0.5.0",
        "wasm-feature-detect": "^1.3.0"
      }
    },
    "eventemitter3": {
      "version": "4.0.7",
      "resolved": "https://registry.npmjs.org/eventemitter3/-/eventemitter3-4.0.7.tgz",
      "integrity": "sha512-8guHBZCwKnFhYdHr2ysuRWErTwhoN2X8XELRlrRwpmfeY2jjuUN4taQMsULKUVo1K4DvZl+0pgfyoysHxvmvEw=="
    },
    "peerjs": {
      "version": "1.4.7",
      "resolved": "https://registry.npmjs.org/peerjs/-/peerjs-1.4.7.tgz",
      "integrity": "sha512-dWE2HIGvJO0Hm8lYHJiO/5OWl8xYtGcAuU08To1HMIfhh76ULzkCS3NIQO/PZm4noO1RhaGTkQaQ6sbAss6/Tg==",
      "requires": {
        "@swc/helpers": "^0.3.13",
        "eventemitter3": "^4.0.7",
        "peerjs-js-binarypack": "1.0.1",
        "webrtc-adapter": "^7.7.1"
      }
    },
    "peerjs-js-binarypack": {
      "version": "1.0.1",
      "resolved": "https://registry.npmjs.org/peerjs-js-binarypack/-/peerjs-js-binarypack-1.0.1.tgz",
      "integrity": "sha512-N6aeia3NhdpV7kiGxJV5xQiZZCVEEVjRz2T2C6UZQiBkHWHzUv/oWA4myQLcwBwO8LUoR1KWW5oStvwVesmfCg=="
    },
    "prettier": {
      "version": "2.8.7",
      "resolved": "https://registry.npmjs.org/prettier/-/prettier-2.8.7.tgz",
      "integrity": "sha512-yPngTo3aXUUmyuTjeTUT75txrf+aMh9FiD7q9ZE/i6r0bPb22g4FsE6Y338PQX1bmfy08i9QQCB7/rcUAVntfw==",
      "dev": true
    },
    "rtcpeerconnection-shim": {
      "version": "1.2.15",
      "resolved": "https://registry.npmjs.org/rtcpeerconnection-shim/-/rtcpeerconnection-shim-1.2.15.tgz",
      "integrity": "sha512-C6DxhXt7bssQ1nHb154lqeL0SXz5Dx4RczXZu2Aa/L1NJFnEVDxFwCBo3fqtuljhHIGceg5JKBV4XJ0gW5JKyw==",
      "requires": {
        "sdp": "^2.6.0"
      }
    },
    "sdp": {
      "version": "2.12.0",
      "resolved": "https://registry.npmjs.org/sdp/-/sdp-2.12.0.tgz",
      "integrity": "sha512-jhXqQAQVM+8Xj5EjJGVweuEzgtGWb3tmEEpl3CLP3cStInSbVHSg0QWOGQzNq8pSID4JkpeV2mPqlMDLrm0/Vw=="
    },
    "tslib": {
      "version": "2.5.0",
      "resolved": "https://registry.npmjs.org/tslib/-/tslib-2.5.0.tgz",
      "integrity": "sha512-336iVw3rtn2BUK7ORdIAHTyxHGRIHVReokCR3XjbckJMK7ms8FysBfhLR8IXnAgy7T0PTPNBWKiH514FOW/WSg=="
    },
    "typescript": {
      "version": "5.0.4",
      "resolved": "https://registry.npmjs.org/typescript/-/typescript-5.0.4.tgz",
      "integrity": "sha512-cW9T5W9xY37cc+jfEnaUvX91foxtHkza3Nw3wkoF4sSlKn0MONdkdEndig/qPBWXNkmplh3NzayQzCiHM4/hqw==",
      "dev": true
    },
    "wasm-feature-detect": {
      "version": "1.5.1",
      "resolved": "https://registry.npmjs.org/wasm-feature-detect/-/wasm-feature-detect-1.5.1.tgz",
      "integrity": "sha512-GHr23qmuehNXHY4902/hJ6EV5sUANIJC3R/yMfQ7hWDg3nfhlcJfnIL96R2ohpIwa62araN6aN4bLzzzq5GXkg==",
      "peer": true
    },
    "webrtc-adapter": {
      "version": "7.7.1",
      "resolved": "https://registry.npmjs.org/webrtc-adapter/-/webrtc-adapter-7.7.1.tgz",
      "integrity": "sha512-TbrbBmiQBL9n0/5bvDdORc6ZfRY/Z7JnEj+EYOD1ghseZdpJ+nF2yx14k3LgQKc7JZnG7HAcL+zHnY25So9d7A==",
      "requires": {
        "rtcpeerconnection-shim": "^1.2.15",
        "sdp": "^2.12.0"
      }
    }
  }
}
